
Microsoft Visual Studio Solution File, Format Version 12.00
# Visual Studio 15
VisualStudioVersion = 15.0.28010.2003
MinimumVisualStudioVersion = 10.0.40219.1
Project("{8BC9CEB8-8B4A-11D0-8D11-00A0C91BC942}") = "Lab02_01", "Lab02_01\Lab02_01.vcxproj", "{B6D8398E-C2E5-4FAE-9D40-61A121731977}"
EndProject
Global
	GlobalSection(SolutionConfigurationPlatforms) = preSolution
		Debug|x64 = Debug|x64
		Debug|x86 = Debug|x86
		Release|x64 = Release|x64
		Release|x86 = Release|x86
	EndGlobalSection
	GlobalSection(ProjectConfigurationPlatforms) = postSolution
		{B6D8398E-C2E5-4FAE-9D40-61A121731977}.Debug|x64.ActiveCfg = Debug|x64
		{B6D8398E-C2E5-4FAE-9D40-61A121731977}.Debug|x64.Build.0 = Debug|x64
		{B6D8398E-C2E5-4FAE-9D40-61A121731977}.Debug|x86.ActiveCfg = Debug|Win32
		{B6D8398E-C2E5-4FAE-9D40-61A121731977}.Debug|x86.Build.0 = Debug|Win32
		{B6D8398E-C2E5-4FAE-9D40-61A121731977}.Release|x64.ActiveCfg = Release|x64
		{B6D8398E-C2E5-4FAE-9D40-61A121731977}.Release|x64.Build.0 = Release|x64
		{B6D8398E-C2E5-4FAE-9D40-61A121731977}.Release|x86.ActiveCfg = Release|Win32
		{B6D8398E-C2E5-4FAE-9D40-61A121731977}.Release|x86.Build.0 = Release|Win32
	EndGlobalSection
	GlobalSection(SolutionProperties) = preSolution
		HideSolutionNode = FALSE
	EndGlobalSection
	GlobalSection(ExtensibilityGlobals) = postSolution
		SolutionGuid = {E0F61FF7-AB49-488F-8118-766EF3CEF386}
	EndGlobalSection
EndGlobal
